
Microsoft Visual Studio Solution File, Format Version 12.00
# Visual Studio Version 16
VisualStudioVersion = 16.0.29920.165
MinimumVisualStudioVersion = 10.0.40219.1
Project("{9A19103F-16F7-4668-BE54-9A1E7A4F7556}") = "BL", "Bl\BL.csproj", "{0D1DB962-C5A0-4DC4-A9EE-4D7F856BBB52}"
EndProject
Project("{9A19103F-16F7-4668-BE54-9A1E7A4F7556}") = "UnitTests", "UnitTests\UnitTests.csproj", "{39CB1616-A716-4948-B57B-B560CADEF572}"
EndProject
Project("{9A19103F-16F7-4668-BE54-9A1E7A4F7556}") = "Model", "Model\Model.csproj", "{9043828F-E739-4193-BE4F-DC224461F538}"
EndProject
Project("{9A19103F-16F7-4668-BE54-9A1E7A4F7556}") = "WebAPI", "WebAPI\WebAPI.csproj", "{317DFB2C-00F5-47BB-B44B-0F1801F54290}"
EndProject
Global
	GlobalSection(SolutionConfigurationPlatforms) = preSolution
		Debug|Any CPU = Debug|Any CPU
		Release|Any CPU = Release|Any CPU
	EndGlobalSection
	GlobalSection(ProjectConfigurationPlatforms) = postSolution
		{0D1DB962-C5A0-4DC4-A9EE-4D7F856BBB52}.Debug|Any CPU.ActiveCfg = Debug|Any CPU
		{0D1DB962-C5A0-4DC4-A9EE-4D7F856BBB52}.Debug|Any CPU.Build.0 = Debug|Any CPU
		{0D1DB962-C5A0-4DC4-A9EE-4D7F856BBB52}.Release|Any CPU.ActiveCfg = Release|Any CPU
		{0D1DB962-C5A0-4DC4-A9EE-4D7F856BBB52}.Release|Any CPU.Build.0 = Release|Any CPU
		{39CB1616-A716-4948-B57B-B560CADEF572}.Debug|Any CPU.ActiveCfg = Debug|Any CPU
		{39CB1616-A716-4948-B57B-B560CADEF572}.Debug|Any CPU.Build.0 = Debug|Any CPU
		{39CB1616-A716-4948-B57B-B560CADEF572}.Release|Any CPU.ActiveCfg = Release|Any CPU
		{39CB1616-A716-4948-B57B-B560CADEF572}.Release|Any CPU.Build.0 = Release|Any CPU
		{9043828F-E739-4193-BE4F-DC224461F538}.Debug|Any CPU.ActiveCfg = Debug|Any CPU
		{9043828F-E739-4193-BE4F-DC224461F538}.Debug|Any CPU.Build.0 = Debug|Any CPU
		{9043828F-E739-4193-BE4F-DC224461F538}.Release|Any CPU.ActiveCfg = Release|Any CPU
		{9043828F-E739-4193-BE4F-DC224461F538}.Release|Any CPU.Build.0 = Release|Any CPU
		{317DFB2C-00F5-47BB-B44B-0F1801F54290}.Debug|Any CPU.ActiveCfg = Debug|Any CPU
		{317DFB2C-00F5-47BB-B44B-0F1801F54290}.Debug|Any CPU.Build.0 = Debug|Any CPU
		{317DFB2C-00F5-47BB-B44B-0F1801F54290}.Release|Any CPU.ActiveCfg = Release|Any CPU
		{317DFB2C-00F5-47BB-B44B-0F1801F54290}.Release|Any CPU.Build.0 = Release|Any CPU
	EndGlobalSection
	GlobalSection(SolutionProperties) = preSolution
		HideSolutionNode = FALSE
	EndGlobalSection
	GlobalSection(ExtensibilityGlobals) = postSolution
		SolutionGuid = {2C5796E1-3D0D-4B44-AE39-0CC6560E2940}
	EndGlobalSection
EndGlobal
